// !$*UTF8*$!
{
	archiveVersion = 1;
	classes = {
	};
	objectVersion = 56;
	objects = {

/* Begin PBXBuildFile section */
		8632C1B92BA2AC3A009D72C8 /* BMIModel.swift in Sources */ = {isa = PBXBuildFile; fileRef = 8632C1B82BA2AC3A009D72C8 /* BMIModel.swift */; };
		8662EDC22B66469200C68877 /* BMICalcApp.swift in Sources */ = {isa = PBXBuildFile; fileRef = 8662EDC12B66469200C68877 /* BMICalcApp.swift */; };
		8662EDC62B66469400C68877 /* Assets.xcassets in Resources */ = {isa = PBXBuildFile; fileRef = 8662EDC52B66469400C68877 /* Assets.xcassets */; };
		8662EDC92B66469400C68877 /* Preview Assets.xcassets in Resources */ = {isa = PBXBuildFile; fileRef = 8662EDC82B66469400C68877 /* Preview Assets.xcassets */; };
		8662EDD02B66475D00C68877 /* BMI.swift in Sources */ = {isa = PBXBuildFile; fileRef = 8662EDCF2B66475D00C68877 /* BMI.swift */; };
		867C512E2BBB9F1D0021D822 /* GenderSelectionView.swift in Sources */ = {isa = PBXBuildFile; fileRef = 867C512D2BBB9F1D0021D822 /* GenderSelectionView.swift */; };
		867C51502BC1799C0021D822 /* TriangleTrainView.swift in Sources */ = {isa = PBXBuildFile; fileRef = 867C514F2BC1799C0021D822 /* TriangleTrainView.swift */; };
		867C51522BC4E3E90021D822 /* PersonalAdviceView.swift in Sources */ = {isa = PBXBuildFile; fileRef = 867C51512BC4E3E90021D822 /* PersonalAdviceView.swift */; };
		868E6C7E2BCA66C800B110F3 /* SheetTraining.swift in Sources */ = {isa = PBXBuildFile; fileRef = 868E6C7D2BCA66C800B110F3 /* SheetTraining.swift */; };
		86B143E42B8C298700F8443E /* Colors.swift in Sources */ = {isa = PBXBuildFile; fileRef = 86B143E32B8C298700F8443E /* Colors.swift */; };
/* End PBXBuildFile section */

/* Begin PBXFileReference section */
		8632C1B82BA2AC3A009D72C8 /* BMIModel.swift */ = {isa = PBXFileReference; lastKnownFileType = sourcecode.swift; path = BMIModel.swift; sourceTree = "<group>"; };
		8662EDBE2B66469200C68877 /* BMICalc.app */ = {isa = PBXFileReference; explicitFileType = wrapper.application; includeInIndex = 0; path = BMICalc.app; sourceTree = BUILT_PRODUCTS_DIR; };
		8662EDC12B66469200C68877 /* BMICalcApp.swift */ = {isa = PBXFileReference; lastKnownFileType = sourcecode.swift; path = BMICalcApp.swift; sourceTree = "<group>"; };
		8662EDC52B66469400C68877 /* Assets.xcassets */ = {isa = PBXFileReference; lastKnownFileType = folder.assetcatalog; path = Assets.xcassets; sourceTree = "<group>"; };
		8662EDC82B66469400C68877 /* Preview Assets.xcassets */ = {isa = PBXFileReference; lastKnownFileType = folder.assetcatalog; path = "Preview Assets.xcassets"; sourceTree = "<group>"; };
		8662EDCF2B66475D00C68877 /* BMI.swift */ = {isa = PBXFileReference; lastKnownFileType = sourcecode.swift; path = BMI.swift; sourceTree = "<group>"; };
		867C512D2BBB9F1D0021D822 /* GenderSelectionView.swift */ = {isa = PBXFileReference; fileEncoding = 4; lastKnownFileType = sourcecode.swift; path = GenderSelectionView.swift; sourceTree = "<group>"; };
		867C514F2BC1799C0021D822 /* TriangleTrainView.swift */ = {isa = PBXFileReference; lastKnownFileType = sourcecode.swift; path = TriangleTrainView.swift; sourceTree = "<group>"; };
		867C51512BC4E3E90021D822 /* PersonalAdviceView.swift */ = {isa = PBXFileReference; lastKnownFileType = sourcecode.swift; path = PersonalAdviceView.swift; sourceTree = "<group>"; };
		868E6C7D2BCA66C800B110F3 /* SheetTraining.swift */ = {isa = PBXFileReference; lastKnownFileType = sourcecode.swift; path = SheetTraining.swift; sourceTree = "<group>"; };
		86B143E32B8C298700F8443E /* Colors.swift */ = {isa = PBXFileReference; lastKnownFileType = sourcecode.swift; path = Colors.swift; sourceTree = "<group>"; };
/* End PBXFileReference section */

/* Begin PBXFrameworksBuildPhase section */
		8662EDBB2B66469200C68877 /* Frameworks */ = {
			isa = PBXFrameworksBuildPhase;
			buildActionMask = 2147483647;
			files = (
			);
			runOnlyForDeploymentPostprocessing = 0;
		};
/* End PBXFrameworksBuildPhase section */

/* Begin PBXGroup section */
		8662EDB52B66469200C68877 = {
			isa = PBXGroup;
			children = (
				8662EDC02B66469200C68877 /* BMICalc */,
				8662EDBF2B66469200C68877 /* Products */,
			);
			sourceTree = "<group>";
		};
		8662EDBF2B66469200C68877 /* Products */ = {
			isa = PBXGroup;
			children = (
				8662EDBE2B66469200C68877 /* BMICalc.app */,
			);
			name = Products;
			sourceTree = "<group>";
		};
		8662EDC02B66469200C68877 /* BMICalc */ = {
			isa = PBXGroup;
			children = (
				8662EDC12B66469200C68877 /* BMICalcApp.swift */,
				8632C1B82BA2AC3A009D72C8 /* BMIModel.swift */,
				86B143E32B8C298700F8443E /* Colors.swift */,
				8662EDCF2B66475D00C68877 /* BMI.swift */,
				867C51512BC4E3E90021D822 /* PersonalAdviceView.swift */,
				868E6C7D2BCA66C800B110F3 /* SheetTraining.swift */,
				867C512D2BBB9F1D0021D822 /* GenderSelectionView.swift */,
				867C514F2BC1799C0021D822 /* TriangleTrainView.swift */,
				8662EDC52B66469400C68877 /* Assets.xcassets */,
				8662EDC72B66469400C68877 /* Preview Content */,
			);
			path = BMICalc;
			sourceTree = "<group>";
		};
		8662EDC72B66469400C68877 /* Preview Content */ = {
			isa = PBXGroup;
			children = (
				8662EDC82B66469400C68877 /* Preview Assets.xcassets */,
			);
			path = "Preview Content";
			sourceTree = "<group>";
		};
/* End PBXGroup section */

/* Begin PBXNativeTarget section */
		8662EDBD2B66469200C68877 /* BMICalc */ = {
			isa = PBXNativeTarget;
			buildConfigurationList = 8662EDCC2B66469400C68877 /* Build configuration list for PBXNativeTarget "BMICalc" */;
			buildPhases = (
				8662EDBA2B66469200C68877 /* Sources */,
				8662EDBB2B66469200C68877 /* Frameworks */,
				8662EDBC2B66469200C68877 /* Resources */,
			);
			buildRules = (
			);
			dependencies = (
			);
			name = BMICalc;
			productName = BMICalc;
			productReference = 8662EDBE2B66469200C68877 /* BMICalc.app */;
			productType = "com.apple.product-type.application";
		};
/* End PBXNativeTarget section */

/* Begin PBXProject section */
		8662EDB62B66469200C68877 /* Project object */ = {
			isa = PBXProject;
			attributes = {
				BuildIndependentTargetsInParallel = 1;
				LastSwiftUpdateCheck = 1520;
				LastUpgradeCheck = 1520;
				TargetAttributes = {
					8662EDBD2B66469200C68877 = {
						CreatedOnToolsVersion = 15.2;
					};
				};
			};
			buildConfigurationList = 8662EDB92B66469200C68877 /* Build configuration list for PBXProject "BMICalc" */;
			compatibilityVersion = "Xcode 14.0";
			developmentRegion = en;
			hasScannedForEncodings = 0;
			knownRegions = (
				en,
				Base,
			);
			mainGroup = 8662EDB52B66469200C68877;
			productRefGroup = 8662EDBF2B66469200C68877 /* Products */;
			projectDirPath = "";
			projectRoot = "";
			targets = (
				8662EDBD2B66469200C68877 /* BMICalc */,
			);
		};
/* End PBXProject section */

/* Begin PBXResourcesBuildPhase section */
		8662EDBC2B66469200C68877 /* Resources */ = {
			isa = PBXResourcesBuildPhase;
			buildActionMask = 2147483647;
			files = (
				8662EDC92B66469400C68877 /* Preview Assets.xcassets in Resources */,
				8662EDC62B66469400C68877 /* Assets.xcassets in Resources */,
			);
			runOnlyForDeploymentPostprocessing = 0;
		};
/* End PBXResourcesBuildPhase section */

/* Begin PBXSourcesBuildPhase section */
		8662EDBA2B66469200C68877 /* Sources */ = {
			isa = PBXSourcesBuildPhase;
			buildActionMask = 2147483647;
			files = (
				8632C1B92BA2AC3A009D72C8 /* BMIModel.swift in Sources */,
				867C512E2BBB9F1D0021D822 /* GenderSelectionView.swift in Sources */,
				86B143E42B8C298700F8443E /* Colors.swift in Sources */,
				868E6C7E2BCA66C800B110F3 /* SheetTraining.swift in Sources */,
				867C51502BC1799C0021D822 /* TriangleTrainView.swift in Sources */,
				8662EDD02B66475D00C68877 /* BMI.swift in Sources */,
				8662EDC22B66469200C68877 /* BMICalcApp.swift in Sources */,
				867C51522BC4E3E90021D822 /* PersonalAdviceView.swift in Sources */,
			);
			runOnlyForDeploymentPostprocessing = 0;
		};
/* End PBXSourcesBuildPhase section */

/* Begin XCBuildConfiguration section */
		8662EDCA2B66469400C68877 /* Debug */ = {
			isa = XCBuildConfiguration;
			buildSettings = {
				ALWAYS_SEARCH_USER_PATHS = NO;
				ASSETCATALOG_COMPILER_GENERATE_SWIFT_ASSET_SYMBOL_EXTENSIONS = YES;
				CLANG_ANALYZER_NONNULL = YES;
				CLANG_ANALYZER_NUMBER_OBJECT_CONVERSION = YES_AGGRESSIVE;
				CLANG_CXX_LANGUAGE_STANDARD = "gnu++20";
				CLANG_ENABLE_MODULES = YES;
				CLANG_ENABLE_OBJC_ARC = YES;
				CLANG_ENABLE_OBJC_WEAK = YES;
				CLANG_WARN_BLOCK_CAPTURE_AUTORELEASING = YES;
				CLANG_WARN_BOOL_CONVERSION = YES;
				CLANG_WARN_COMMA = YES;
				CLANG_WARN_CONSTANT_CONVERSION = YES;
				CLANG_WARN_DEPRECATED_OBJC_IMPLEMENTATIONS = YES;
				CLANG_WARN_DIRECT_OBJC_ISA_USAGE = YES_ERROR;
				CLANG_WARN_DOCUMENTATION_COMMENTS = YES;
				CLANG_WARN_EMPTY_BODY = YES;
				CLANG_WARN_ENUM_CONVERSION = YES;
				CLANG_WARN_INFINITE_RECURSION = YES;
				CLANG_WARN_INT_CONVERSION = YES;
				CLANG_WARN_NON_LITERAL_NULL_CONVERSION = YES;
				CLANG_WARN_OBJC_IMPLICIT_RETAIN_SELF = YES;
				CLANG_WARN_OBJC_LITERAL_CONVERSION = YES;
				CLANG_WARN_OBJC_ROOT_CLASS = YES_ERROR;
				CLANG_WARN_QUOTED_INCLUDE_IN_FRAMEWORK_HEADER = YES;
				CLANG_WARN_RANGE_LOOP_ANALYSIS = YES;
				CLANG_WARN_STRICT_PROTOTYPES = YES;
				CLANG_WARN_SUSPICIOUS_MOVE = YES;
				CLANG_WARN_UNGUARDED_AVAILABILITY = YES_AGGRESSIVE;
				CLANG_WARN_UNREACHABLE_CODE = YES;
				CLANG_WARN__DUPLICATE_METHOD_MATCH = YES;
				COPY_PHASE_STRIP = NO;
				DEBUG_INFORMATION_FORMAT = dwarf;
				ENABLE_STRICT_OBJC_MSGSEND = YES;
				ENABLE_TESTABILITY = YES;
				ENABLE_USER_SCRIPT_SANDBOXING = YES;
				GCC_C_LANGUAGE_STANDARD = gnu17;
				GCC_DYNAMIC_NO_PIC = NO;
				GCC_NO_COMMON_BLOCKS = YES;
				GCC_OPTIMIZATION_LEVEL = 0;
				GCC_PREPROCESSOR_DEFINITIONS = (
					"DEBUG=1",
					"$(inherited)",
				);
				GCC_WARN_64_TO_32_BIT_CONVERSION = YES;
				GCC_WARN_ABOUT_RETURN_TYPE = YES_ERROR;
				GCC_WARN_UNDECLARED_SELECTOR = YES;
				GCC_WARN_UNINITIALIZED_AUTOS = YES_AGGRESSIVE;
				GCC_WARN_UNUSED_FUNCTION = YES;
				GCC_WARN_UNUSED_VARIABLE = YES;
				IPHONEOS_DEPLOYMENT_TARGET = 17.2;
				LOCALIZATION_PREFERS_STRING_CATALOGS = YES;
				MTL_ENABLE_DEBUG_INFO = INCLUDE_SOURCE;
				MTL_FAST_MATH = YES;
				ONLY_ACTIVE_ARCH = YES;
				SDKROOT = iphoneos;
				SWIFT_ACTIVE_COMPILATION_CONDITIONS = "DEBUG $(inherited)";
				SWIFT_OPTIMIZATION_LEVEL = "-Onone";
			};
			name = Debug;
		};
		8662EDCB2B66469400C68877 /* Release */ = {
			isa = XCBuildConfiguration;
			buildSettings = {
				ALWAYS_SEARCH_USER_PATHS = NO;
				ASSETCATALOG_COMPILER_GENERATE_SWIFT_ASSET_SYMBOL_EXTENSIONS = YES;
				CLANG_ANALYZER_NONNULL = YES;
				CLANG_ANALYZER_NUMBER_OBJECT_CONVERSION = YES_AGGRESSIVE;
				CLANG_CXX_LANGUAGE_STANDARD = "gnu++20";
				CLANG_ENABLE_MODULES = YES;
				CLANG_ENABLE_OBJC_ARC = YES;
				CLANG_ENABLE_OBJC_WEAK = YES;
				CLANG_WARN_BLOCK_CAPTURE_AUTORELEASING = YES;
				CLANG_WARN_BOOL_CONVERSION = YES;
				CLANG_WARN_COMMA = YES;
				CLANG_WARN_CONSTANT_CONVERSION = YES;
				CLANG_WARN_DEPRECATED_OBJC_IMPLEMENTATIONS = YES;
				CLANG_WARN_DIRECT_OBJC_ISA_USAGE = YES_ERROR;
				CLANG_WARN_DOCUMENTATION_COMMENTS = YES;
				CLANG_WARN_EMPTY_BODY = YES;
				CLANG_WARN_ENUM_CONVERSION = YES;
				CLANG_WARN_INFINITE_RECURSION = YES;
				CLANG_WARN_INT_CONVERSION = YES;
				CLANG_WARN_NON_LITERAL_NULL_CONVERSION = YES;
				CLANG_WARN_OBJC_IMPLICIT_RETAIN_SELF = YES;
				CLANG_WARN_OBJC_LITERAL_CONVERSION = YES;
				CLANG_WARN_OBJC_ROOT_CLASS = YES_ERROR;
				CLANG_WARN_QUOTED_INCLUDE_IN_FRAMEWORK_HEADER = YES;
				CLANG_WARN_RANGE_LOOP_ANALYSIS = YES;
				CLANG_WARN_STRICT_PROTOTYPES = YES;
				CLANG_WARN_SUSPICIOUS_MOVE = YES;
				CLANG_WARN_UNGUARDED_AVAILABILITY = YES_AGGRESSIVE;
				CLANG_WARN_UNREACHABLE_CODE = YES;
				CLANG_WARN__DUPLICATE_METHOD_MATCH = YES;
				COPY_PHASE_STRIP = NO;
				DEBUG_INFORMATION_FORMAT = "dwarf-with-dsym";
				ENABLE_NS_ASSERTIONS = NO;
				ENABLE_STRICT_OBJC_MSGSEND = YES;
				ENABLE_USER_SCRIPT_SANDBOXING = YES;
				GCC_C_LANGUAGE_STANDARD = gnu17;
				GCC_NO_COMMON_BLOCKS = YES;
				GCC_WARN_64_TO_32_BIT_CONVERSION = YES;
				GCC_WARN_ABOUT_RETURN_TYPE = YES_ERROR;
				GCC_WARN_UNDECLARED_SELECTOR = YES;
				GCC_WARN_UNINITIALIZED_AUTOS = YES_AGGRESSIVE;
				GCC_WARN_UNUSED_FUNCTION = YES;
				GCC_WARN_UNUSED_VARIABLE = YES;
				IPHONEOS_DEPLOYMENT_TARGET = 17.2;
				LOCALIZATION_PREFERS_STRING_CATALOGS = YES;
				MTL_ENABLE_DEBUG_INFO = NO;
				MTL_FAST_MATH = YES;
				SDKROOT = iphoneos;
				SWIFT_COMPILATION_MODE = wholemodule;
				VALIDATE_PRODUCT = YES;
			};
			name = Release;
		};
		8662EDCD2B66469400C68877 /* Debug */ = {
			isa = XCBuildConfiguration;
			buildSettings = {
				ASSETCATALOG_COMPILER_APPICON_NAME = AppIcon;
				ASSETCATALOG_COMPILER_GLOBAL_ACCENT_COLOR_NAME = AccentColor;
				CODE_SIGN_STYLE = Automatic;
				CURRENT_PROJECT_VERSION = 1;
				DEVELOPMENT_ASSET_PATHS = "\"BMICalc/Preview Content\"";
				DEVELOPMENT_TEAM = 873Y63NMW3;
				ENABLE_PREVIEWS = YES;
				GENERATE_INFOPLIST_FILE = YES;
				INFOPLIST_KEY_UIApplicationSceneManifest_Generation = YES;
				INFOPLIST_KEY_UIApplicationSupportsIndirectInputEvents = YES;
				INFOPLIST_KEY_UILaunchScreen_Generation = YES;
				INFOPLIST_KEY_UISupportedInterfaceOrientations_iPad = "UIInterfaceOrientationPortrait UIInterfaceOrientationPortraitUpsideDown UIInterfaceOrientationLandscapeLeft UIInterfaceOrientationLandscapeRight";
				INFOPLIST_KEY_UISupportedInterfaceOrientations_iPhone = "UIInterfaceOrientationPortrait UIInterfaceOrientationLandscapeLeft UIInterfaceOrientationLandscapeRight";
				IPHONEOS_DEPLOYMENT_TARGET = 17.2;
				LD_RUNPATH_SEARCH_PATHS = (
					"$(inherited)",
					"@executable_path/Frameworks",
				);
				MARKETING_VERSION = 1.0;
				PRODUCT_BUNDLE_IDENTIFIER = com.myorganization.BMICalc;
				PRODUCT_NAME = "$(TARGET_NAME)";
				SWIFT_EMIT_LOC_STRINGS = YES;
				SWIFT_VERSION = 5.0;
				TARGETED_DEVICE_FAMILY = "1,2";
			};
			name = Debug;
		};
		8662EDCE2B66469400C68877 /* Release */ = {
			isa = XCBuildConfiguration;
			buildSettings = {
				ASSETCATALOG_COMPILER_APPICON_NAME = AppIcon;
				ASSETCATALOG_COMPILER_GLOBAL_ACCENT_COLOR_NAME = AccentColor;
				CODE_SIGN_STYLE = Automatic;
				CURRENT_PROJECT_VERSION = 1;
				DEVELOPMENT_ASSET_PATHS = "\"BMICalc/Preview Content\"";
				DEVELOPMENT_TEAM = 873Y63NMW3;
				ENABLE_PREVIEWS = YES;
				GENERATE_INFOPLIST_FILE = YES;
				INFOPLIST_KEY_UIApplicationSceneManifest_Generation = YES;
				INFOPLIST_KEY_UIApplicationSupportsIndirectInputEvents = YES;
				INFOPLIST_KEY_UILaunchScreen_Generation = YES;
				INFOPLIST_KEY_UISupportedInterfaceOrientations_iPad = "UIInterfaceOrientationPortrait UIInterfaceOrientationPortraitUpsideDown UIInterfaceOrientationLandscapeLeft UIInterfaceOrientationLandscapeRight";
				INFOPLIST_KEY_UISupportedInterfaceOrientations_iPhone = "UIInterfaceOrientationPortrait UIInterfaceOrientationLandscapeLeft UIInterfaceOrientationLandscapeRight";
				IPHONEOS_DEPLOYMENT_TARGET = 17.2;
				LD_RUNPATH_SEARCH_PATHS = (
					"$(inherited)",
					"@executable_path/Frameworks",
				);
				MARKETING_VERSION = 1.0;
				PRODUCT_BUNDLE_IDENTIFIER = com.myorganization.BMICalc;
				PRODUCT_NAME = "$(TARGET_NAME)";
				SWIFT_EMIT_LOC_STRINGS = YES;
				SWIFT_VERSION = 5.0;
				TARGETED_DEVICE_FAMILY = "1,2";
			};
			name = Release;
		};
/* End XCBuildConfiguration section */

/* Begin XCConfigurationList section */
		8662EDB92B66469200C68877 /* Build configuration list for PBXProject "BMICalc" */ = {
			isa = XCConfigurationList;
			buildConfigurations = (
				8662EDCA2B66469400C68877 /* Debug */,
				8662EDCB2B66469400C68877 /* Release */,
			);
			defaultConfigurationIsVisible = 0;
			defaultConfigurationName = Release;
		};
		8662EDCC2B66469400C68877 /* Build configuration list for PBXNativeTarget "BMICalc" */ = {
			isa = XCConfigurationList;
			buildConfigurations = (
				8662EDCD2B66469400C68877 /* Debug */,
				8662EDCE2B66469400C68877 /* Release */,
			);
			defaultConfigurationIsVisible = 0;
			defaultConfigurationName = Release;
		};
/* End XCConfigurationList section */
	};
	rootObject = 8662EDB62B66469200C68877 /* Project object */;
}
